{
	"name": "flutter_flexible",
	"version": "2.1.9",
	"lockfileVersion": 3,
	"requires": true,
	"packages": {
		"": {
			"name": "flutter_flexible",
			"version": "2.1.9",
			"dependencies": {
				"flutter_flexible": "file:"
			}
		},
		"node_modules/flutter_flexible": {
			"resolved": "",
			"link": true
		}
	}
}
